
Microsoft Visual Studio Solution File, Format Version 12.00
# Visual Studio Version 17
VisualStudioVersion = 17.2.32526.322
MinimumVisualStudioVersion = 10.0.40219.1
Project("{FAE04EC0-301F-11D3-BF4B-00C04F79EFBC}") = "dotnetdev-badge.web", "dotnetdev-badge.web\dotnetdev-badge.web.csproj", "{5A8CD55C-D6FA-42B1-9085-58E8C12B1FE7}"
EndProject
Global
	GlobalSection(SolutionConfigurationPlatforms) = preSolution
		Debug|Any CPU = Debug|Any CPU
		Release|Any CPU = Release|Any CPU
	EndGlobalSection
	GlobalSection(ProjectConfigurationPlatforms) = postSolution
		{5A8CD55C-D6FA-42B1-9085-58E8C12B1FE7}.Debug|Any CPU.ActiveCfg = Debug|Any CPU
		{5A8CD55C-D6FA-42B1-9085-58E8C12B1FE7}.Debug|Any CPU.Build.0 = Debug|Any CPU
		{5A8CD55C-D6FA-42B1-9085-58E8C12B1FE7}.Release|Any CPU.ActiveCfg = Release|Any CPU
		{5A8CD55C-D6FA-42B1-9085-58E8C12B1FE7}.Release|Any CPU.Build.0 = Release|Any CPU
	EndGlobalSection
	GlobalSection(SolutionProperties) = preSolution
		HideSolutionNode = FALSE
	EndGlobalSection
	GlobalSection(ExtensibilityGlobals) = postSolution
		SolutionGuid = {29EC5C07-4DF7-40CF-B065-FAC30FE6A629}
	EndGlobalSection
EndGlobal
