
Microsoft Visual Studio Solution File, Format Version 12.00
# Visual Studio Version 17
VisualStudioVersion = 17.2.32526.322
MinimumVisualStudioVersion = 10.0.40219.1
Project("{9A19103F-16F7-4668-BE54-9A1E7A4F7556}") = "dotnetdev-badge.web", "dotnetdev-badge.web\dotnetdev-badge.web.csproj", "{5A8CD55C-D6FA-42B1-9085-58E8C12B1FE7}"
EndProject
Project("{9A19103F-16F7-4668-BE54-9A1E7A4F7556}") = "dotnetdev-badge.Client", "dotnetdev-badge.Client\dotnetdev-badge.Client.csproj", "{9FB72A7B-B3BA-45A1-ABC5-F4D323EFDE64}"
EndProject
Project("{2150E333-8FDC-42A3-9474-1A3956D46DE8}") = "src", "src", "{218E3EB6-8FDB-4595-B6EE-8AE7002D7817}"
EndProject
Global
	GlobalSection(SolutionConfigurationPlatforms) = preSolution
		Debug|Any CPU = Debug|Any CPU
		Release|Any CPU = Release|Any CPU
	EndGlobalSection
	GlobalSection(ProjectConfigurationPlatforms) = postSolution
		{5A8CD55C-D6FA-42B1-9085-58E8C12B1FE7}.Debug|Any CPU.ActiveCfg = Debug|Any CPU
		{5A8CD55C-D6FA-42B1-9085-58E8C12B1FE7}.Debug|Any CPU.Build.0 = Debug|Any CPU
		{5A8CD55C-D6FA-42B1-9085-58E8C12B1FE7}.Release|Any CPU.ActiveCfg = Release|Any CPU
		{5A8CD55C-D6FA-42B1-9085-58E8C12B1FE7}.Release|Any CPU.Build.0 = Release|Any CPU
		{9FB72A7B-B3BA-45A1-ABC5-F4D323EFDE64}.Debug|Any CPU.ActiveCfg = Debug|Any CPU
		{9FB72A7B-B3BA-45A1-ABC5-F4D323EFDE64}.Debug|Any CPU.Build.0 = Debug|Any CPU
		{9FB72A7B-B3BA-45A1-ABC5-F4D323EFDE64}.Release|Any CPU.ActiveCfg = Release|Any CPU
		{9FB72A7B-B3BA-45A1-ABC5-F4D323EFDE64}.Release|Any CPU.Build.0 = Release|Any CPU
	EndGlobalSection
	GlobalSection(SolutionProperties) = preSolution
		HideSolutionNode = FALSE
	EndGlobalSection
	GlobalSection(NestedProjects) = preSolution
		{5A8CD55C-D6FA-42B1-9085-58E8C12B1FE7} = {218E3EB6-8FDB-4595-B6EE-8AE7002D7817}
		{9FB72A7B-B3BA-45A1-ABC5-F4D323EFDE64} = {218E3EB6-8FDB-4595-B6EE-8AE7002D7817}
	EndGlobalSection
	GlobalSection(ExtensibilityGlobals) = postSolution
		SolutionGuid = {29EC5C07-4DF7-40CF-B065-FAC30FE6A629}
	EndGlobalSection
EndGlobal
